// !$*UTF8*$!
{
	archiveVersion = 1;
	classes = {
	};
	objectVersion = 46;
	objects = {

/* Begin PBXBuildFile section */
		AC1D59831A7D998B00507BDF /* main.c in Sources */ = {isa = PBXBuildFile; fileRef = AC1D59821A7D998B00507BDF /* main.c */; };
		ACF095081A7DE88500EAD0C4 /* add_client.c in Sources */ = {isa = PBXBuildFile; fileRef = ACF095031A7DE88500EAD0C4 /* add_client.c */; };
		ACF095091A7DE88500EAD0C4 /* add_clnt.c in Sources */ = {isa = PBXBuildFile; fileRef = ACF095041A7DE88500EAD0C4 /* add_clnt.c */; };
		ACF0950A1A7DE88500EAD0C4 /* add_server.c in Sources */ = {isa = PBXBuildFile; fileRef = ACF095051A7DE88500EAD0C4 /* add_server.c */; };
		ACF0950B1A7DE88500EAD0C4 /* add_svc.c in Sources */ = {isa = PBXBuildFile; fileRef = ACF095061A7DE88500EAD0C4 /* add_svc.c */; };
/* End PBXBuildFile section */

/* Begin PBXCopyFilesBuildPhase section */
		AC1D597D1A7D998A00507BDF /* CopyFiles */ = {
			isa = PBXCopyFilesBuildPhase;
			buildActionMask = 2147483647;
			dstPath = /usr/share/man/man1/;
			dstSubfolderSpec = 0;
			files = (
			);
			runOnlyForDeploymentPostprocessing = 1;
		};
/* End PBXCopyFilesBuildPhase section */

/* Begin PBXFileReference section */
		AC1D597F1A7D998A00507BDF /* 2015_RPC_DistSystems */ = {isa = PBXFileReference; explicitFileType = "compiled.mach-o.executable"; includeInIndex = 0; path = 2015_RPC_DistSystems; sourceTree = BUILT_PRODUCTS_DIR; };
		AC1D59821A7D998B00507BDF /* main.c */ = {isa = PBXFileReference; lastKnownFileType = sourcecode.c.c; path = main.c; sourceTree = "<group>"; };
		ACF095021A7DE65100EAD0C4 /* add.x */ = {isa = PBXFileReference; fileEncoding = 4; lastKnownFileType = text; path = add.x; sourceTree = "<group>"; };
		ACF095031A7DE88500EAD0C4 /* add_client.c */ = {isa = PBXFileReference; fileEncoding = 4; lastKnownFileType = sourcecode.c.c; path = add_client.c; sourceTree = "<group>"; };
		ACF095041A7DE88500EAD0C4 /* add_clnt.c */ = {isa = PBXFileReference; fileEncoding = 4; lastKnownFileType = sourcecode.c.c; path = add_clnt.c; sourceTree = "<group>"; };
		ACF095051A7DE88500EAD0C4 /* add_server.c */ = {isa = PBXFileReference; fileEncoding = 4; lastKnownFileType = sourcecode.c.c; path = add_server.c; sourceTree = "<group>"; };
		ACF095061A7DE88500EAD0C4 /* add_svc.c */ = {isa = PBXFileReference; fileEncoding = 4; lastKnownFileType = sourcecode.c.c; path = add_svc.c; sourceTree = "<group>"; };
		ACF095071A7DE88500EAD0C4 /* add.h */ = {isa = PBXFileReference; fileEncoding = 4; lastKnownFileType = sourcecode.c.h; path = add.h; sourceTree = "<group>"; };
		ACF0950C1A7DE99100EAD0C4 /* makefile.add */ = {isa = PBXFileReference; fileEncoding = 4; lastKnownFileType = text; path = makefile.add; sourceTree = "<group>"; };
/* End PBXFileReference section */

/* Begin PBXFrameworksBuildPhase section */
		AC1D597C1A7D998A00507BDF /* Frameworks */ = {
			isa = PBXFrameworksBuildPhase;
			buildActionMask = 2147483647;
			files = (
			);
			runOnlyForDeploymentPostprocessing = 0;
		};
/* End PBXFrameworksBuildPhase section */

/* Begin PBXGroup section */
		AC1D59761A7D998A00507BDF = {
			isa = PBXGroup;
			children = (
				AC1D59811A7D998A00507BDF /* 2015_RPC_DistSystems */,
				AC1D59801A7D998A00507BDF /* Products */,
			);
			sourceTree = "<group>";
		};
		AC1D59801A7D998A00507BDF /* Products */ = {
			isa = PBXGroup;
			children = (
				AC1D597F1A7D998A00507BDF /* 2015_RPC_DistSystems */,
			);
			name = Products;
			sourceTree = "<group>";
		};
		AC1D59811A7D998A00507BDF /* 2015_RPC_DistSystems */ = {
			isa = PBXGroup;
			children = (
				ACF0950C1A7DE99100EAD0C4 /* makefile.add */,
				ACF095031A7DE88500EAD0C4 /* add_client.c */,
				ACF095041A7DE88500EAD0C4 /* add_clnt.c */,
				ACF095051A7DE88500EAD0C4 /* add_server.c */,
				ACF095061A7DE88500EAD0C4 /* add_svc.c */,
				ACF095071A7DE88500EAD0C4 /* add.h */,
				AC1D59821A7D998B00507BDF /* main.c */,
				ACF095021A7DE65100EAD0C4 /* add.x */,
			);
			path = 2015_RPC_DistSystems;
			sourceTree = "<group>";
		};
/* End PBXGroup section */

/* Begin PBXNativeTarget section */
		AC1D597E1A7D998A00507BDF /* 2015_RPC_DistSystems */ = {
			isa = PBXNativeTarget;
			buildConfigurationList = AC1D59861A7D998B00507BDF /* Build configuration list for PBXNativeTarget "2015_RPC_DistSystems" */;
			buildPhases = (
				AC1D597B1A7D998A00507BDF /* Sources */,
				AC1D597C1A7D998A00507BDF /* Frameworks */,
				AC1D597D1A7D998A00507BDF /* CopyFiles */,
			);
			buildRules = (
			);
			dependencies = (
			);
			name = 2015_RPC_DistSystems;
			productName = 2015_RPC_DistSystems;
			productReference = AC1D597F1A7D998A00507BDF /* 2015_RPC_DistSystems */;
			productType = "com.apple.product-type.tool";
		};
/* End PBXNativeTarget section */

/* Begin PBXProject section */
		AC1D59771A7D998A00507BDF /* Project object */ = {
			isa = PBXProject;
			attributes = {
				LastUpgradeCheck = 0610;
				ORGANIZATIONNAME = "Derrick Hayden";
				TargetAttributes = {
					AC1D597E1A7D998A00507BDF = {
						CreatedOnToolsVersion = 6.1.1;
					};
				};
			};
			buildConfigurationList = AC1D597A1A7D998A00507BDF /* Build configuration list for PBXProject "2015_RPC_DistSystems" */;
			compatibilityVersion = "Xcode 3.2";
			developmentRegion = English;
			hasScannedForEncodings = 0;
			knownRegions = (
				en,
			);
			mainGroup = AC1D59761A7D998A00507BDF;
			productRefGroup = AC1D59801A7D998A00507BDF /* Products */;
			projectDirPath = "";
			projectRoot = "";
			targets = (
				AC1D597E1A7D998A00507BDF /* 2015_RPC_DistSystems */,
			);
		};
/* End PBXProject section */

/* Begin PBXSourcesBuildPhase section */
		AC1D597B1A7D998A00507BDF /* Sources */ = {
			isa = PBXSourcesBuildPhase;
			buildActionMask = 2147483647;
			files = (
				ACF0950A1A7DE88500EAD0C4 /* add_server.c in Sources */,
				ACF095091A7DE88500EAD0C4 /* add_clnt.c in Sources */,
				ACF095081A7DE88500EAD0C4 /* add_client.c in Sources */,
				ACF0950B1A7DE88500EAD0C4 /* add_svc.c in Sources */,
				AC1D59831A7D998B00507BDF /* main.c in Sources */,
			);
			runOnlyForDeploymentPostprocessing = 0;
		};
/* End PBXSourcesBuildPhase section */

/* Begin XCBuildConfiguration section */
		AC1D59841A7D998B00507BDF /* Debug */ = {
			isa = XCBuildConfiguration;
			buildSettings = {
				ALWAYS_SEARCH_USER_PATHS = NO;
				CLANG_CXX_LANGUAGE_STANDARD = "gnu++0x";
				CLANG_CXX_LIBRARY = "libc++";
				CLANG_ENABLE_MODULES = YES;
				CLANG_ENABLE_OBJC_ARC = YES;
				CLANG_WARN_BOOL_CONVERSION = YES;
				CLANG_WARN_CONSTANT_CONVERSION = YES;
				CLANG_WARN_DIRECT_OBJC_ISA_USAGE = YES_ERROR;
				CLANG_WARN_EMPTY_BODY = YES;
				CLANG_WARN_ENUM_CONVERSION = YES;
				CLANG_WARN_INT_CONVERSION = YES;
				CLANG_WARN_OBJC_ROOT_CLASS = YES_ERROR;
				CLANG_WARN_UNREACHABLE_CODE = YES;
				CLANG_WARN__DUPLICATE_METHOD_MATCH = YES;
				COPY_PHASE_STRIP = YES;
				ENABLE_STRICT_OBJC_MSGSEND = YES;
				GCC_C_LANGUAGE_STANDARD = gnu99;
				GCC_DYNAMIC_NO_PIC = NO;
				GCC_OPTIMIZATION_LEVEL = 0;
				GCC_PREPROCESSOR_DEFINITIONS = (
					"DEBUG=1",
					"$(inherited)",
				);
				GCC_SYMBOLS_PRIVATE_EXTERN = NO;
				GCC_WARN_64_TO_32_BIT_CONVERSION = YES;
				GCC_WARN_ABOUT_RETURN_TYPE = YES_ERROR;
				GCC_WARN_UNDECLARED_SELECTOR = YES;
				GCC_WARN_UNINITIALIZED_AUTOS = YES_AGGRESSIVE;
				GCC_WARN_UNUSED_FUNCTION = YES;
				GCC_WARN_UNUSED_VARIABLE = YES;
				MACOSX_DEPLOYMENT_TARGET = 10.9;
				MTL_ENABLE_DEBUG_INFO = YES;
				ONLY_ACTIVE_ARCH = YES;
				SDKROOT = macosx;
			};
			name = Debug;
		};
		AC1D59851A7D998B00507BDF /* Release */ = {
			isa = XCBuildConfiguration;
			buildSettings = {
				ALWAYS_SEARCH_USER_PATHS = NO;
				CLANG_CXX_LANGUAGE_STANDARD = "gnu++0x";
				CLANG_CXX_LIBRARY = "libc++";
				CLANG_ENABLE_MODULES = YES;
				CLANG_ENABLE_OBJC_ARC = YES;
				CLANG_WARN_BOOL_CONVERSION = YES;
				CLANG_WARN_CONSTANT_CONVERSION = YES;
				CLANG_WARN_DIRECT_OBJC_ISA_USAGE = YES_ERROR;
				CLANG_WARN_EMPTY_BODY = YES;
				CLANG_WARN_ENUM_CONVERSION = YES;
				CLANG_WARN_INT_CONVERSION = YES;
				CLANG_WARN_OBJC_ROOT_CLASS = YES_ERROR;
				CLANG_WARN_UNREACHABLE_CODE = YES;
				CLANG_WARN__DUPLICATE_METHOD_MATCH = YES;
				COPY_PHASE_STRIP = YES;
				DEBUG_INFORMATION_FORMAT = "dwarf-with-dsym";
				ENABLE_NS_ASSERTIONS = NO;
				ENABLE_STRICT_OBJC_MSGSEND = YES;
				GCC_C_LANGUAGE_STANDARD = gnu99;
				GCC_WARN_64_TO_32_BIT_CONVERSION = YES;
				GCC_WARN_ABOUT_RETURN_TYPE = YES_ERROR;
				GCC_WARN_UNDECLARED_SELECTOR = YES;
				GCC_WARN_UNINITIALIZED_AUTOS = YES_AGGRESSIVE;
				GCC_WARN_UNUSED_FUNCTION = YES;
				GCC_WARN_UNUSED_VARIABLE = YES;
				MACOSX_DEPLOYMENT_TARGET = 10.9;
				MTL_ENABLE_DEBUG_INFO = NO;
				SDKROOT = macosx;
			};
			name = Release;
		};
		AC1D59871A7D998B00507BDF /* Debug */ = {
			isa = XCBuildConfiguration;
			buildSettings = {
				PRODUCT_NAME = "$(TARGET_NAME)";
			};
			name = Debug;
		};
		AC1D59881A7D998B00507BDF /* Release */ = {
			isa = XCBuildConfiguration;
			buildSettings = {
				PRODUCT_NAME = "$(TARGET_NAME)";
			};
			name = Release;
		};
/* End XCBuildConfiguration section */

/* Begin XCConfigurationList section */
		AC1D597A1A7D998A00507BDF /* Build configuration list for PBXProject "2015_RPC_DistSystems" */ = {
			isa = XCConfigurationList;
			buildConfigurations = (
				AC1D59841A7D998B00507BDF /* Debug */,
				AC1D59851A7D998B00507BDF /* Release */,
			);
			defaultConfigurationIsVisible = 0;
			defaultConfigurationName = Release;
		};
		AC1D59861A7D998B00507BDF /* Build configuration list for PBXNativeTarget "2015_RPC_DistSystems" */ = {
			isa = XCConfigurationList;
			buildConfigurations = (
				AC1D59871A7D998B00507BDF /* Debug */,
				AC1D59881A7D998B00507BDF /* Release */,
			);
			defaultConfigurationIsVisible = 0;
			defaultConfigurationName = Release;
		};
/* End XCConfigurationList section */
	};
	rootObject = AC1D59771A7D998A00507BDF /* Project object */;
}
